
Microsoft Visual Studio Solution File, Format Version 12.00
# Visual Studio 15
Project("{FAE04EC0-301F-11D3-BF4B-00C04F79EFBC}") = "Unity.Timeline", "Unity.Timeline.csproj", "{9300B2DA-3C9E-EAD6-1C17-8401E14B6F67}"
EndProject
Project("{FAE04EC0-301F-11D3-BF4B-00C04F79EFBC}") = "Unity.Timeline.Editor", "Unity.Timeline.Editor.csproj", "{124FACDF-9DB6-D73C-2F73-C0F8AC85FD81}"
EndProject
Project("{FAE04EC0-301F-11D3-BF4B-00C04F79EFBC}") = "Unity.TextMeshPro.Editor", "Unity.TextMeshPro.Editor.csproj", "{DAF62AE9-0349-0C01-92AB-1238CABFF4DA}"
EndProject
Project("{FAE04EC0-301F-11D3-BF4B-00C04F79EFBC}") = "Unity.PlasticSCM.Editor", "Unity.PlasticSCM.Editor.csproj", "{F50EA955-E636-ED69-F1FB-84786C200C1F}"
EndProject
Project("{FAE04EC0-301F-11D3-BF4B-00C04F79EFBC}") = "Unity.VisualScripting.Flow", "Unity.VisualScripting.Flow.csproj", "{068075BD-F525-8963-41CD-95D8364DFBD3}"
EndProject
Project("{FAE04EC0-301F-11D3-BF4B-00C04F79EFBC}") = "UnityEditor.UI", "UnityEditor.UI.csproj", "{83107CFD-8A54-959A-56A0-27996F3BF02C}"
EndProject
Project("{FAE04EC0-301F-11D3-BF4B-00C04F79EFBC}") = "Unity.InputSystem", "Unity.InputSystem.csproj", "{841D3C52-329F-7C24-A234-1F6971695523}"
EndProject
Project("{FAE04EC0-301F-11D3-BF4B-00C04F79EFBC}") = "Unity.VisualScripting.Core", "Unity.VisualScripting.Core.csproj", "{39C98D6F-E705-A7FD-A30D-B9DFF7A92944}"
EndProject
Project("{FAE04EC0-301F-11D3-BF4B-00C04F79EFBC}") = "Unity.VisualScripting.Core.Editor", "Unity.VisualScripting.Core.Editor.csproj", "{29ED953B-23C7-F6F2-B1B9-30CC6CF648EF}"
EndProject
Project("{FAE04EC0-301F-11D3-BF4B-00C04F79EFBC}") = "Unity.VisualScripting.Flow.Editor", "Unity.VisualScripting.Flow.Editor.csproj", "{43B8A879-302A-F8FF-B123-7894DB0B2E34}"
EndProject
Project("{FAE04EC0-301F-11D3-BF4B-00C04F79EFBC}") = "UnityEditor.TestRunner", "UnityEditor.TestRunner.csproj", "{08D6A510-425B-FDE0-A6F1-59EE08A65DD2}"
EndProject
Project("{FAE04EC0-301F-11D3-BF4B-00C04F79EFBC}") = "Unity.VisualScripting.SettingsProvider.Editor", "Unity.VisualScripting.SettingsProvider.Editor.csproj", "{F55F7E6E-DFF8-41EB-B80B-D6A28C270FA8}"
EndProject
Project("{FAE04EC0-301F-11D3-BF4B-00C04F79EFBC}") = "UnityEngine.TestRunner", "UnityEngine.TestRunner.csproj", "{61B044FD-3C8C-0A7B-0589-7AAD628F375A}"
EndProject
Project("{FAE04EC0-301F-11D3-BF4B-00C04F79EFBC}") = "UnityEngine.UI", "UnityEngine.UI.csproj", "{38093204-674A-A582-B2DB-AB701A973487}"
EndProject
Project("{FAE04EC0-301F-11D3-BF4B-00C04F79EFBC}") = "Unity.VisualStudio.Editor", "Unity.VisualStudio.Editor.csproj", "{EE155589-0F80-2767-05C8-3F9676AF09D1}"
EndProject
Project("{FAE04EC0-301F-11D3-BF4B-00C04F79EFBC}") = "Assembly-CSharp", "Assembly-CSharp.csproj", "{B3D769C7-0A29-D621-CF71-C6465DDEB2B3}"
EndProject
Project("{FAE04EC0-301F-11D3-BF4B-00C04F79EFBC}") = "Unity.TestTools.CodeCoverage.Editor.OpenCover.Model", "Unity.TestTools.CodeCoverage.Editor.OpenCover.Model.csproj", "{E49CA614-8B86-ED40-3188-FCD14459003F}"
EndProject
Project("{FAE04EC0-301F-11D3-BF4B-00C04F79EFBC}") = "Unity.Rider.Editor", "Unity.Rider.Editor.csproj", "{DE62A127-9047-1C5D-F1E4-1F65F1D808F5}"
EndProject
Project("{FAE04EC0-301F-11D3-BF4B-00C04F79EFBC}") = "Unity.CollabProxy.Editor", "Unity.CollabProxy.Editor.csproj", "{5D107251-17AF-9C3E-58CC-034316A6C896}"
EndProject
Project("{FAE04EC0-301F-11D3-BF4B-00C04F79EFBC}") = "Unity.VisualScripting.State.Editor", "Unity.VisualScripting.State.Editor.csproj", "{7E795527-FEEB-7631-41CD-E9D812FEA3C6}"
EndProject
Project("{FAE04EC0-301F-11D3-BF4B-00C04F79EFBC}") = "Unity.TestTools.CodeCoverage.Editor", "Unity.TestTools.CodeCoverage.Editor.csproj", "{54905A4A-9598-5E51-272A-B361CA909CC9}"
EndProject
Project("{FAE04EC0-301F-11D3-BF4B-00C04F79EFBC}") = "Unity.VisualScripting.State", "Unity.VisualScripting.State.csproj", "{5858B8FC-CB38-35CD-831C-A70FFE8EB10E}"
EndProject
Project("{FAE04EC0-301F-11D3-BF4B-00C04F79EFBC}") = "Unity.TextMeshPro", "Unity.TextMeshPro.csproj", "{26240A1D-42C8-D3EE-B256-CBCB7FC418FD}"
EndProject
Project("{FAE04EC0-301F-11D3-BF4B-00C04F79EFBC}") = "Unity.Performance.Profile-Analyzer.Editor", "Unity.Performance.Profile-Analyzer.Editor.csproj", "{A91BDAE2-7699-0955-69F5-52B50368A9D4}"
EndProject
Project("{FAE04EC0-301F-11D3-BF4B-00C04F79EFBC}") = "Unity.VSCode.Editor", "Unity.VSCode.Editor.csproj", "{403B78D2-FB39-236D-E108-28B6D3939D97}"
EndProject
Project("{FAE04EC0-301F-11D3-BF4B-00C04F79EFBC}") = "Unity.TestTools.CodeCoverage.Editor.OpenCover.Mono.Reflection", "Unity.TestTools.CodeCoverage.Editor.OpenCover.Mono.Reflection.csproj", "{4F9C802D-5C28-153C-6486-E8019012B835}"
EndProject
Project("{FAE04EC0-301F-11D3-BF4B-00C04F79EFBC}") = "Unity.2D.Sprite.Editor", "Unity.2D.Sprite.Editor.csproj", "{C7E1D514-1E3B-97FB-7BC4-083BDDA341E8}"
EndProject
Project("{FAE04EC0-301F-11D3-BF4B-00C04F79EFBC}") = "Unity.Settings.Editor", "Unity.Settings.Editor.csproj", "{AA65F616-215E-BB3A-6489-5C55BE7D9E96}"
EndProject
Project("{FAE04EC0-301F-11D3-BF4B-00C04F79EFBC}") = "Unity.InputSystem.ForUI", "Unity.InputSystem.ForUI.csproj", "{E8E60B72-0A95-FB4B-1526-04B90C2BA2EC}"
EndProject
Project("{FAE04EC0-301F-11D3-BF4B-00C04F79EFBC}") = "Unity.EditorCoroutines.Editor", "Unity.EditorCoroutines.Editor.csproj", "{30CA0EC5-3B75-3C4D-33A9-ADD72014AD3C}"
EndProject
Project("{FAE04EC0-301F-11D3-BF4B-00C04F79EFBC}") = "Unity.InputSystem.TestFramework", "Unity.InputSystem.TestFramework.csproj", "{7582481F-3B0B-8799-E24D-01FCAD529A87}"
EndProject
Project("{FAE04EC0-301F-11D3-BF4B-00C04F79EFBC}") = "Unity.VisualScripting.Shared.Editor", "Unity.VisualScripting.Shared.Editor.csproj", "{370B58FF-F6A2-6A30-B1DB-466C97B5CA56}"
EndProject
Project("{FAE04EC0-301F-11D3-BF4B-00C04F79EFBC}") = "Unity.Timeline", "Unity.Timeline.Player.csproj", "{694A6EC3-2305-0EEB-A353-FACC60895C7F}"
EndProject
Project("{FAE04EC0-301F-11D3-BF4B-00C04F79EFBC}") = "Unity.VisualScripting.Flow", "Unity.VisualScripting.Flow.Player.csproj", "{A7A74E68-57B5-E4CD-DA5E-4684667FB468}"
EndProject
Project("{FAE04EC0-301F-11D3-BF4B-00C04F79EFBC}") = "Unity.InputSystem", "Unity.InputSystem.Player.csproj", "{F2CAF466-51AD-9706-9BA5-A3C2775510A6}"
EndProject
Project("{FAE04EC0-301F-11D3-BF4B-00C04F79EFBC}") = "Unity.VisualScripting.Core", "Unity.VisualScripting.Core.Player.csproj", "{3D482F37-D325-FD2D-B319-10ABB587CAE5}"
EndProject
Project("{FAE04EC0-301F-11D3-BF4B-00C04F79EFBC}") = "UnityEngine.TestRunner", "UnityEngine.TestRunner.Player.csproj", "{5D7E008A-7842-196B-2A1C-A54B67FB2E15}"
EndProject
Project("{FAE04EC0-301F-11D3-BF4B-00C04F79EFBC}") = "UnityEngine.UI", "UnityEngine.UI.Player.csproj", "{81CE2AB0-5BED-00CE-0607-2677412171D8}"
EndProject
Project("{FAE04EC0-301F-11D3-BF4B-00C04F79EFBC}") = "Assembly-CSharp", "Assembly-CSharp.Player.csproj", "{002D3AB2-4C46-3B22-9B1C-6E0DC73C6038}"
EndProject
Project("{FAE04EC0-301F-11D3-BF4B-00C04F79EFBC}") = "Unity.VisualScripting.State", "Unity.VisualScripting.State.Player.csproj", "{92807B34-5286-3496-C367-9B139D486B49}"
EndProject
Project("{FAE04EC0-301F-11D3-BF4B-00C04F79EFBC}") = "Unity.TextMeshPro", "Unity.TextMeshPro.Player.csproj", "{D52F7425-F117-6893-AE1E-E0DF7D457AE3}"
EndProject
Project("{FAE04EC0-301F-11D3-BF4B-00C04F79EFBC}") = "Unity.InputSystem.ForUI", "Unity.InputSystem.ForUI.Player.csproj", "{639995CA-DCFC-9B1E-8137-1EA4038CA56C}"
EndProject
Project("{FAE04EC0-301F-11D3-BF4B-00C04F79EFBC}") = "Unity.InputSystem.TestFramework", "Unity.InputSystem.TestFramework.Player.csproj", "{2BEF02C4-0A63-76D5-D099-71E0E675130C}"
EndProject
Global
	GlobalSection(SolutionConfigurationPlatforms) = preSolution
		Debug|Any CPU = Debug|Any CPU
		Release|Any CPU = Release|Any CPU
	EndGlobalSection
	GlobalSection(ProjectConfigurationPlatforms) = postSolution
		{9300B2DA-3C9E-EAD6-1C17-8401E14B6F67}.Debug|Any CPU.ActiveCfg = Debug|Any CPU
		{9300B2DA-3C9E-EAD6-1C17-8401E14B6F67}.Debug|Any CPU.Build.0 = Debug|Any CPU
		{9300B2DA-3C9E-EAD6-1C17-8401E14B6F67}.Release|Any CPU.ActiveCfg = Release|Any CPU
		{9300B2DA-3C9E-EAD6-1C17-8401E14B6F67}.Release|Any CPU.Build.0 = Release|Any CPU
		{124FACDF-9DB6-D73C-2F73-C0F8AC85FD81}.Debug|Any CPU.ActiveCfg = Debug|Any CPU
		{124FACDF-9DB6-D73C-2F73-C0F8AC85FD81}.Debug|Any CPU.Build.0 = Debug|Any CPU
		{124FACDF-9DB6-D73C-2F73-C0F8AC85FD81}.Release|Any CPU.ActiveCfg = Release|Any CPU
		{124FACDF-9DB6-D73C-2F73-C0F8AC85FD81}.Release|Any CPU.Build.0 = Release|Any CPU
		{DAF62AE9-0349-0C01-92AB-1238CABFF4DA}.Debug|Any CPU.ActiveCfg = Debug|Any CPU
		{DAF62AE9-0349-0C01-92AB-1238CABFF4DA}.Debug|Any CPU.Build.0 = Debug|Any CPU
		{DAF62AE9-0349-0C01-92AB-1238CABFF4DA}.Release|Any CPU.ActiveCfg = Release|Any CPU
		{DAF62AE9-0349-0C01-92AB-1238CABFF4DA}.Release|Any CPU.Build.0 = Release|Any CPU
		{F50EA955-E636-ED69-F1FB-84786C200C1F}.Debug|Any CPU.ActiveCfg = Debug|Any CPU
		{F50EA955-E636-ED69-F1FB-84786C200C1F}.Debug|Any CPU.Build.0 = Debug|Any CPU
		{F50EA955-E636-ED69-F1FB-84786C200C1F}.Release|Any CPU.ActiveCfg = Release|Any CPU
		{F50EA955-E636-ED69-F1FB-84786C200C1F}.Release|Any CPU.Build.0 = Release|Any CPU
		{068075BD-F525-8963-41CD-95D8364DFBD3}.Debug|Any CPU.ActiveCfg = Debug|Any CPU
		{068075BD-F525-8963-41CD-95D8364DFBD3}.Debug|Any CPU.Build.0 = Debug|Any CPU
		{068075BD-F525-8963-41CD-95D8364DFBD3}.Release|Any CPU.ActiveCfg = Release|Any CPU
		{068075BD-F525-8963-41CD-95D8364DFBD3}.Release|Any CPU.Build.0 = Release|Any CPU
		{83107CFD-8A54-959A-56A0-27996F3BF02C}.Debug|Any CPU.ActiveCfg = Debug|Any CPU
		{83107CFD-8A54-959A-56A0-27996F3BF02C}.Debug|Any CPU.Build.0 = Debug|Any CPU
		{83107CFD-8A54-959A-56A0-27996F3BF02C}.Release|Any CPU.ActiveCfg = Release|Any CPU
		{83107CFD-8A54-959A-56A0-27996F3BF02C}.Release|Any CPU.Build.0 = Release|Any CPU
		{841D3C52-329F-7C24-A234-1F6971695523}.Debug|Any CPU.ActiveCfg = Debug|Any CPU
		{841D3C52-329F-7C24-A234-1F6971695523}.Debug|Any CPU.Build.0 = Debug|Any CPU
		{841D3C52-329F-7C24-A234-1F6971695523}.Release|Any CPU.ActiveCfg = Release|Any CPU
		{841D3C52-329F-7C24-A234-1F6971695523}.Release|Any CPU.Build.0 = Release|Any CPU
		{39C98D6F-E705-A7FD-A30D-B9DFF7A92944}.Debug|Any CPU.ActiveCfg = Debug|Any CPU
		{39C98D6F-E705-A7FD-A30D-B9DFF7A92944}.Debug|Any CPU.Build.0 = Debug|Any CPU
		{39C98D6F-E705-A7FD-A30D-B9DFF7A92944}.Release|Any CPU.ActiveCfg = Release|Any CPU
		{39C98D6F-E705-A7FD-A30D-B9DFF7A92944}.Release|Any CPU.Build.0 = Release|Any CPU
		{29ED953B-23C7-F6F2-B1B9-30CC6CF648EF}.Debug|Any CPU.ActiveCfg = Debug|Any CPU
		{29ED953B-23C7-F6F2-B1B9-30CC6CF648EF}.Debug|Any CPU.Build.0 = Debug|Any CPU
		{29ED953B-23C7-F6F2-B1B9-30CC6CF648EF}.Release|Any CPU.ActiveCfg = Release|Any CPU
		{29ED953B-23C7-F6F2-B1B9-30CC6CF648EF}.Release|Any CPU.Build.0 = Release|Any CPU
		{43B8A879-302A-F8FF-B123-7894DB0B2E34}.Debug|Any CPU.ActiveCfg = Debug|Any CPU
		{43B8A879-302A-F8FF-B123-7894DB0B2E34}.Debug|Any CPU.Build.0 = Debug|Any CPU
		{43B8A879-302A-F8FF-B123-7894DB0B2E34}.Release|Any CPU.ActiveCfg = Release|Any CPU
		{43B8A879-302A-F8FF-B123-7894DB0B2E34}.Release|Any CPU.Build.0 = Release|Any CPU
		{08D6A510-425B-FDE0-A6F1-59EE08A65DD2}.Debug|Any CPU.ActiveCfg = Debug|Any CPU
		{08D6A510-425B-FDE0-A6F1-59EE08A65DD2}.Debug|Any CPU.Build.0 = Debug|Any CPU
		{08D6A510-425B-FDE0-A6F1-59EE08A65DD2}.Release|Any CPU.ActiveCfg = Release|Any CPU
		{08D6A510-425B-FDE0-A6F1-59EE08A65DD2}.Release|Any CPU.Build.0 = Release|Any CPU
		{F55F7E6E-DFF8-41EB-B80B-D6A28C270FA8}.Debug|Any CPU.ActiveCfg = Debug|Any CPU
		{F55F7E6E-DFF8-41EB-B80B-D6A28C270FA8}.Debug|Any CPU.Build.0 = Debug|Any CPU
		{F55F7E6E-DFF8-41EB-B80B-D6A28C270FA8}.Release|Any CPU.ActiveCfg = Release|Any CPU
		{F55F7E6E-DFF8-41EB-B80B-D6A28C270FA8}.Release|Any CPU.Build.0 = Release|Any CPU
		{61B044FD-3C8C-0A7B-0589-7AAD628F375A}.Debug|Any CPU.ActiveCfg = Debug|Any CPU
		{61B044FD-3C8C-0A7B-0589-7AAD628F375A}.Debug|Any CPU.Build.0 = Debug|Any CPU
		{61B044FD-3C8C-0A7B-0589-7AAD628F375A}.Release|Any CPU.ActiveCfg = Release|Any CPU
		{61B044FD-3C8C-0A7B-0589-7AAD628F375A}.Release|Any CPU.Build.0 = Release|Any CPU
		{38093204-674A-A582-B2DB-AB701A973487}.Debug|Any CPU.ActiveCfg = Debug|Any CPU
		{38093204-674A-A582-B2DB-AB701A973487}.Debug|Any CPU.Build.0 = Debug|Any CPU
		{38093204-674A-A582-B2DB-AB701A973487}.Release|Any CPU.ActiveCfg = Release|Any CPU
		{38093204-674A-A582-B2DB-AB701A973487}.Release|Any CPU.Build.0 = Release|Any CPU
		{EE155589-0F80-2767-05C8-3F9676AF09D1}.Debug|Any CPU.ActiveCfg = Debug|Any CPU
		{EE155589-0F80-2767-05C8-3F9676AF09D1}.Debug|Any CPU.Build.0 = Debug|Any CPU
		{EE155589-0F80-2767-05C8-3F9676AF09D1}.Release|Any CPU.ActiveCfg = Release|Any CPU
		{EE155589-0F80-2767-05C8-3F9676AF09D1}.Release|Any CPU.Build.0 = Release|Any CPU
		{B3D769C7-0A29-D621-CF71-C6465DDEB2B3}.Debug|Any CPU.ActiveCfg = Debug|Any CPU
		{B3D769C7-0A29-D621-CF71-C6465DDEB2B3}.Debug|Any CPU.Build.0 = Debug|Any CPU
		{B3D769C7-0A29-D621-CF71-C6465DDEB2B3}.Release|Any CPU.ActiveCfg = Release|Any CPU
		{B3D769C7-0A29-D621-CF71-C6465DDEB2B3}.Release|Any CPU.Build.0 = Release|Any CPU
		{E49CA614-8B86-ED40-3188-FCD14459003F}.Debug|Any CPU.ActiveCfg = Debug|Any CPU
		{E49CA614-8B86-ED40-3188-FCD14459003F}.Debug|Any CPU.Build.0 = Debug|Any CPU
		{E49CA614-8B86-ED40-3188-FCD14459003F}.Release|Any CPU.ActiveCfg = Release|Any CPU
		{E49CA614-8B86-ED40-3188-FCD14459003F}.Release|Any CPU.Build.0 = Release|Any CPU
		{DE62A127-9047-1C5D-F1E4-1F65F1D808F5}.Debug|Any CPU.ActiveCfg = Debug|Any CPU
		{DE62A127-9047-1C5D-F1E4-1F65F1D808F5}.Debug|Any CPU.Build.0 = Debug|Any CPU
		{DE62A127-9047-1C5D-F1E4-1F65F1D808F5}.Release|Any CPU.ActiveCfg = Release|Any CPU
		{DE62A127-9047-1C5D-F1E4-1F65F1D808F5}.Release|Any CPU.Build.0 = Release|Any CPU
		{5D107251-17AF-9C3E-58CC-034316A6C896}.Debug|Any CPU.ActiveCfg = Debug|Any CPU
		{5D107251-17AF-9C3E-58CC-034316A6C896}.Debug|Any CPU.Build.0 = Debug|Any CPU
		{5D107251-17AF-9C3E-58CC-034316A6C896}.Release|Any CPU.ActiveCfg = Release|Any CPU
		{5D107251-17AF-9C3E-58CC-034316A6C896}.Release|Any CPU.Build.0 = Release|Any CPU
		{7E795527-FEEB-7631-41CD-E9D812FEA3C6}.Debug|Any CPU.ActiveCfg = Debug|Any CPU
		{7E795527-FEEB-7631-41CD-E9D812FEA3C6}.Debug|Any CPU.Build.0 = Debug|Any CPU
		{7E795527-FEEB-7631-41CD-E9D812FEA3C6}.Release|Any CPU.ActiveCfg = Release|Any CPU
		{7E795527-FEEB-7631-41CD-E9D812FEA3C6}.Release|Any CPU.Build.0 = Release|Any CPU
		{54905A4A-9598-5E51-272A-B361CA909CC9}.Debug|Any CPU.ActiveCfg = Debug|Any CPU
		{54905A4A-9598-5E51-272A-B361CA909CC9}.Debug|Any CPU.Build.0 = Debug|Any CPU
		{54905A4A-9598-5E51-272A-B361CA909CC9}.Release|Any CPU.ActiveCfg = Release|Any CPU
		{54905A4A-9598-5E51-272A-B361CA909CC9}.Release|Any CPU.Build.0 = Release|Any CPU
		{5858B8FC-CB38-35CD-831C-A70FFE8EB10E}.Debug|Any CPU.ActiveCfg = Debug|Any CPU
		{5858B8FC-CB38-35CD-831C-A70FFE8EB10E}.Debug|Any CPU.Build.0 = Debug|Any CPU
		{5858B8FC-CB38-35CD-831C-A70FFE8EB10E}.Release|Any CPU.ActiveCfg = Release|Any CPU
		{5858B8FC-CB38-35CD-831C-A70FFE8EB10E}.Release|Any CPU.Build.0 = Release|Any CPU
		{26240A1D-42C8-D3EE-B256-CBCB7FC418FD}.Debug|Any CPU.ActiveCfg = Debug|Any CPU
		{26240A1D-42C8-D3EE-B256-CBCB7FC418FD}.Debug|Any CPU.Build.0 = Debug|Any CPU
		{26240A1D-42C8-D3EE-B256-CBCB7FC418FD}.Release|Any CPU.ActiveCfg = Release|Any CPU
		{26240A1D-42C8-D3EE-B256-CBCB7FC418FD}.Release|Any CPU.Build.0 = Release|Any CPU
		{A91BDAE2-7699-0955-69F5-52B50368A9D4}.Debug|Any CPU.ActiveCfg = Debug|Any CPU
		{A91BDAE2-7699-0955-69F5-52B50368A9D4}.Debug|Any CPU.Build.0 = Debug|Any CPU
		{A91BDAE2-7699-0955-69F5-52B50368A9D4}.Release|Any CPU.ActiveCfg = Release|Any CPU
		{A91BDAE2-7699-0955-69F5-52B50368A9D4}.Release|Any CPU.Build.0 = Release|Any CPU
		{403B78D2-FB39-236D-E108-28B6D3939D97}.Debug|Any CPU.ActiveCfg = Debug|Any CPU
		{403B78D2-FB39-236D-E108-28B6D3939D97}.Debug|Any CPU.Build.0 = Debug|Any CPU
		{403B78D2-FB39-236D-E108-28B6D3939D97}.Release|Any CPU.ActiveCfg = Release|Any CPU
		{403B78D2-FB39-236D-E108-28B6D3939D97}.Release|Any CPU.Build.0 = Release|Any CPU
		{4F9C802D-5C28-153C-6486-E8019012B835}.Debug|Any CPU.ActiveCfg = Debug|Any CPU
		{4F9C802D-5C28-153C-6486-E8019012B835}.Debug|Any CPU.Build.0 = Debug|Any CPU
		{4F9C802D-5C28-153C-6486-E8019012B835}.Release|Any CPU.ActiveCfg = Release|Any CPU
		{4F9C802D-5C28-153C-6486-E8019012B835}.Release|Any CPU.Build.0 = Release|Any CPU
		{C7E1D514-1E3B-97FB-7BC4-083BDDA341E8}.Debug|Any CPU.ActiveCfg = Debug|Any CPU
		{C7E1D514-1E3B-97FB-7BC4-083BDDA341E8}.Debug|Any CPU.Build.0 = Debug|Any CPU
		{C7E1D514-1E3B-97FB-7BC4-083BDDA341E8}.Release|Any CPU.ActiveCfg = Release|Any CPU
		{C7E1D514-1E3B-97FB-7BC4-083BDDA341E8}.Release|Any CPU.Build.0 = Release|Any CPU
		{AA65F616-215E-BB3A-6489-5C55BE7D9E96}.Debug|Any CPU.ActiveCfg = Debug|Any CPU
		{AA65F616-215E-BB3A-6489-5C55BE7D9E96}.Debug|Any CPU.Build.0 = Debug|Any CPU
		{AA65F616-215E-BB3A-6489-5C55BE7D9E96}.Release|Any CPU.ActiveCfg = Release|Any CPU
		{AA65F616-215E-BB3A-6489-5C55BE7D9E96}.Release|Any CPU.Build.0 = Release|Any CPU
		{E8E60B72-0A95-FB4B-1526-04B90C2BA2EC}.Debug|Any CPU.ActiveCfg = Debug|Any CPU
		{E8E60B72-0A95-FB4B-1526-04B90C2BA2EC}.Debug|Any CPU.Build.0 = Debug|Any CPU
		{E8E60B72-0A95-FB4B-1526-04B90C2BA2EC}.Release|Any CPU.ActiveCfg = Release|Any CPU
		{E8E60B72-0A95-FB4B-1526-04B90C2BA2EC}.Release|Any CPU.Build.0 = Release|Any CPU
		{30CA0EC5-3B75-3C4D-33A9-ADD72014AD3C}.Debug|Any CPU.ActiveCfg = Debug|Any CPU
		{30CA0EC5-3B75-3C4D-33A9-ADD72014AD3C}.Debug|Any CPU.Build.0 = Debug|Any CPU
		{30CA0EC5-3B75-3C4D-33A9-ADD72014AD3C}.Release|Any CPU.ActiveCfg = Release|Any CPU
		{30CA0EC5-3B75-3C4D-33A9-ADD72014AD3C}.Release|Any CPU.Build.0 = Release|Any CPU
		{7582481F-3B0B-8799-E24D-01FCAD529A87}.Debug|Any CPU.ActiveCfg = Debug|Any CPU
		{7582481F-3B0B-8799-E24D-01FCAD529A87}.Debug|Any CPU.Build.0 = Debug|Any CPU
		{7582481F-3B0B-8799-E24D-01FCAD529A87}.Release|Any CPU.ActiveCfg = Release|Any CPU
		{7582481F-3B0B-8799-E24D-01FCAD529A87}.Release|Any CPU.Build.0 = Release|Any CPU
		{370B58FF-F6A2-6A30-B1DB-466C97B5CA56}.Debug|Any CPU.ActiveCfg = Debug|Any CPU
		{370B58FF-F6A2-6A30-B1DB-466C97B5CA56}.Debug|Any CPU.Build.0 = Debug|Any CPU
		{370B58FF-F6A2-6A30-B1DB-466C97B5CA56}.Release|Any CPU.ActiveCfg = Release|Any CPU
		{370B58FF-F6A2-6A30-B1DB-466C97B5CA56}.Release|Any CPU.Build.0 = Release|Any CPU
		{694A6EC3-2305-0EEB-A353-FACC60895C7F}.Debug|Any CPU.ActiveCfg = Debug|Any CPU
		{694A6EC3-2305-0EEB-A353-FACC60895C7F}.Debug|Any CPU.Build.0 = Debug|Any CPU
		{694A6EC3-2305-0EEB-A353-FACC60895C7F}.Release|Any CPU.ActiveCfg = Release|Any CPU
		{694A6EC3-2305-0EEB-A353-FACC60895C7F}.Release|Any CPU.Build.0 = Release|Any CPU
		{A7A74E68-57B5-E4CD-DA5E-4684667FB468}.Debug|Any CPU.ActiveCfg = Debug|Any CPU
		{A7A74E68-57B5-E4CD-DA5E-4684667FB468}.Debug|Any CPU.Build.0 = Debug|Any CPU
		{A7A74E68-57B5-E4CD-DA5E-4684667FB468}.Release|Any CPU.ActiveCfg = Release|Any CPU
		{A7A74E68-57B5-E4CD-DA5E-4684667FB468}.Release|Any CPU.Build.0 = Release|Any CPU
		{F2CAF466-51AD-9706-9BA5-A3C2775510A6}.Debug|Any CPU.ActiveCfg = Debug|Any CPU
		{F2CAF466-51AD-9706-9BA5-A3C2775510A6}.Debug|Any CPU.Build.0 = Debug|Any CPU
		{F2CAF466-51AD-9706-9BA5-A3C2775510A6}.Release|Any CPU.ActiveCfg = Release|Any CPU
		{F2CAF466-51AD-9706-9BA5-A3C2775510A6}.Release|Any CPU.Build.0 = Release|Any CPU
		{3D482F37-D325-FD2D-B319-10ABB587CAE5}.Debug|Any CPU.ActiveCfg = Debug|Any CPU
		{3D482F37-D325-FD2D-B319-10ABB587CAE5}.Debug|Any CPU.Build.0 = Debug|Any CPU
		{3D482F37-D325-FD2D-B319-10ABB587CAE5}.Release|Any CPU.ActiveCfg = Release|Any CPU
		{3D482F37-D325-FD2D-B319-10ABB587CAE5}.Release|Any CPU.Build.0 = Release|Any CPU
		{5D7E008A-7842-196B-2A1C-A54B67FB2E15}.Debug|Any CPU.ActiveCfg = Debug|Any CPU
		{5D7E008A-7842-196B-2A1C-A54B67FB2E15}.Debug|Any CPU.Build.0 = Debug|Any CPU
		{5D7E008A-7842-196B-2A1C-A54B67FB2E15}.Release|Any CPU.ActiveCfg = Release|Any CPU
		{5D7E008A-7842-196B-2A1C-A54B67FB2E15}.Release|Any CPU.Build.0 = Release|Any CPU
		{81CE2AB0-5BED-00CE-0607-2677412171D8}.Debug|Any CPU.ActiveCfg = Debug|Any CPU
		{81CE2AB0-5BED-00CE-0607-2677412171D8}.Debug|Any CPU.Build.0 = Debug|Any CPU
		{81CE2AB0-5BED-00CE-0607-2677412171D8}.Release|Any CPU.ActiveCfg = Release|Any CPU
		{81CE2AB0-5BED-00CE-0607-2677412171D8}.Release|Any CPU.Build.0 = Release|Any CPU
		{002D3AB2-4C46-3B22-9B1C-6E0DC73C6038}.Debug|Any CPU.ActiveCfg = Debug|Any CPU
		{002D3AB2-4C46-3B22-9B1C-6E0DC73C6038}.Debug|Any CPU.Build.0 = Debug|Any CPU
		{002D3AB2-4C46-3B22-9B1C-6E0DC73C6038}.Release|Any CPU.ActiveCfg = Release|Any CPU
		{002D3AB2-4C46-3B22-9B1C-6E0DC73C6038}.Release|Any CPU.Build.0 = Release|Any CPU
		{92807B34-5286-3496-C367-9B139D486B49}.Debug|Any CPU.ActiveCfg = Debug|Any CPU
		{92807B34-5286-3496-C367-9B139D486B49}.Debug|Any CPU.Build.0 = Debug|Any CPU
		{92807B34-5286-3496-C367-9B139D486B49}.Release|Any CPU.ActiveCfg = Release|Any CPU
		{92807B34-5286-3496-C367-9B139D486B49}.Release|Any CPU.Build.0 = Release|Any CPU
		{D52F7425-F117-6893-AE1E-E0DF7D457AE3}.Debug|Any CPU.ActiveCfg = Debug|Any CPU
		{D52F7425-F117-6893-AE1E-E0DF7D457AE3}.Debug|Any CPU.Build.0 = Debug|Any CPU
		{D52F7425-F117-6893-AE1E-E0DF7D457AE3}.Release|Any CPU.ActiveCfg = Release|Any CPU
		{D52F7425-F117-6893-AE1E-E0DF7D457AE3}.Release|Any CPU.Build.0 = Release|Any CPU
		{639995CA-DCFC-9B1E-8137-1EA4038CA56C}.Debug|Any CPU.ActiveCfg = Debug|Any CPU
		{639995CA-DCFC-9B1E-8137-1EA4038CA56C}.Debug|Any CPU.Build.0 = Debug|Any CPU
		{639995CA-DCFC-9B1E-8137-1EA4038CA56C}.Release|Any CPU.ActiveCfg = Release|Any CPU
		{639995CA-DCFC-9B1E-8137-1EA4038CA56C}.Release|Any CPU.Build.0 = Release|Any CPU
		{2BEF02C4-0A63-76D5-D099-71E0E675130C}.Debug|Any CPU.ActiveCfg = Debug|Any CPU
		{2BEF02C4-0A63-76D5-D099-71E0E675130C}.Debug|Any CPU.Build.0 = Debug|Any CPU
		{2BEF02C4-0A63-76D5-D099-71E0E675130C}.Release|Any CPU.ActiveCfg = Release|Any CPU
		{2BEF02C4-0A63-76D5-D099-71E0E675130C}.Release|Any CPU.Build.0 = Release|Any CPU
	EndGlobalSection
	GlobalSection(SolutionProperties) = preSolution
		HideSolutionNode = FALSE
	EndGlobalSection
EndGlobal
